# THIS IS AN AUTOGENERATED FILE. DO NOT EDIT THIS FILE DIRECTLY.
# yarn lockfile v1


"@candlefw/color@latest":
  version "1.0.1-0"
  resolved "https://registry.yarnpkg.com/@candlefw/color/-/color-1.0.1-0.tgz#b8c2fae3e27c9c805c5dbb774695df2d1bca94f0"
  integrity sha512-/K8WZYcHF20Y2EZgAstCXiaRnM/kU8q8H4IQyvBH+AmFOyekGhTuJmH/qwV2yX2BL5bPIBOT+NEuVe9IGcEA/A==

"@candlefw/css@latest":
  version "0.1.2-1"
  resolved "https://registry.yarnpkg.com/@candlefw/css/-/css-0.1.2-1.tgz#99f9d7aed1a55f70a38f16fb417e3b92dc71bbdd"
  integrity sha512-EILsk4m9eDWAUiu55U8Fv2DcR7gY4GzPI6pjivNHOKT/KtjwhhO8D/9TKCfzemrVxw44OL4H++65l239K26oCA==
  dependencies:
    "@candlefw/color" latest
    "@candlefw/math" latest
    "@candlefw/observer" latest
    "@candlefw/url" latest
    "@candlefw/whind" latest

"@candlefw/glow@latest":
  version "0.0.8"
  resolved "https://registry.yarnpkg.com/@candlefw/glow/-/glow-0.0.8.tgz#272c5363cdf60d717be1ef70b05c9a64e4ca8443"
  integrity sha512-df2PNyCaGtHdy/YVhm3L+LVPNIwSxH+u+/X6PqdNyjuDQLl7f5W2cUZseI45GF+7JEfYFCmOasAtam+qMF+yNA==
  dependencies:
    "@candlefw/css" latest
    "@candlefw/math" latest

"@candlefw/math@latest":
  version "0.0.2-0"
  resolved "https://registry.yarnpkg.com/@candlefw/math/-/math-0.0.2-0.tgz#1a0554fe8eeb4b02337a29f10238952632004eff"
  integrity sha512-dV6tZXK2W1wu/bavJ8RL5ld6IMOJ0xMwcm4r74FiOetQQIIkXhJf451vu0MNI3KvZ1MHXCJaTTF83vrUfh463g==

"@candlefw/observer@latest":
  version "1.0.1-0"
  resolved "https://registry.yarnpkg.com/@candlefw/observer/-/observer-1.0.1-0.tgz#a3943847a73eadbad978eb3b87bcaf9aa6249fde"
  integrity sha512-t7unBY3RMQVc1mZmT72ocV0cRrSB2dxQkUtCf5F48+oDvZlNQEvV0jHJwMd7nLqabLIBRwRL7OpZeppAFer8+A==

"@candlefw/spark@^0.0.6":
  version "0.0.6"
  resolved "https://registry.yarnpkg.com/@candlefw/spark/-/spark-0.0.6.tgz#26534f438aa644ead1b9e3c94849ddc9d8ce3d97"
  integrity sha512-GY3aRWLRdYgJBwJkIw/uUXYUt1nw8A0wrLGxTLKHDscSxzFkdalpCAQAjiX1BbhMVa62hf7M2097oa4yrM88lQ==

"@candlefw/spark@^0.0.8":
  version "0.0.8"
  resolved "https://registry.yarnpkg.com/@candlefw/spark/-/spark-0.0.8.tgz#f4f2e662e5d389d7eabb98e8e571179c6ccba485"
  integrity sha512-wsgXUOz5qYVFMGSECzu4585j4hJp9otperAI1FKWHbXnOsMdw3kukUOrwfufJuKavnAb3omAAHembrllSnN6xQ==

"@candlefw/url@latest":
  version "0.0.8"
  resolved "https://registry.yarnpkg.com/@candlefw/url/-/url-0.0.8.tgz#cc80ca16df5e46105a0c4c7f28952ee57cbb7559"
  integrity sha512-ZnSbvmmHnqMyLSs0A/iZhGdAUha3nQ81X1Vmy03cHfWUXS1/mx1eczwi6/cwaNZ0PQCZUnjpuoWYvdH/r+0NWg==
  dependencies:
    "@candlefw/spark" "^0.0.6"
    "@candlefw/whind" latest

"@candlefw/whind@latest":
  version "0.3.5"
  resolved "https://registry.yarnpkg.com/@candlefw/whind/-/whind-0.3.5.tgz#dbdcf36de03c53c06d4301d9cd46658724a5f3d4"
  integrity sha512-jCDIfusXbQraf3/Nq1p5gnk9gMBEliLUATM/2/1Dd/5lXX3NI1iRGdWnYxnUBT6dYCjY14IcAfDiK5jNfmYMvQ==

"@candlefw/wick@^0.8.5":
  version "0.8.5"
  resolved "https://registry.yarnpkg.com/@candlefw/wick/-/wick-0.8.5.tgz#ce397bb17330cd943ef96a8f912cee5a1cac23ee"
  integrity sha512-CzvhXFR0/qW98eA8cX7/fahaoLZQfAGUWsSImDeib6CK1OHg3Qk3Dja68wEoxcw/9kY04rfBlcRAgBtLjAE5mg==
  dependencies:
    "@candlefw/css" latest
    "@candlefw/glow" latest
    "@candlefw/spark" "^0.0.8"
    "@candlefw/url" latest
    "@candlefw/whind" latest
